<?xml version="1.0" encoding="utf-8"?>
<Project ToolsVersion="4.0" xmlns="http://schemas.microsoft.com/developer/msbuild/2003">
  <ItemGroup>
    <Filter Include="main">
      <UniqueIdentifier>{38ac290a-42fb-464b-8d31-8619556f5b5f}</UniqueIdentifier>
    </Filter>
  </ItemGroup>
  <ItemGroup>
    <ClCompile Include="main.cpp">
      <Filter>main</Filter>
    </ClCompile>
    <ClCompile Include="assets\dealership\dealership.cpp" />
  </ItemGroup>
  <ItemGroup>
    <ClInclude Include="assets\car\car.h" />
    <ClInclude Include="assets\dealership\Idealership.h" />
    <ClInclude Include="assets\dealership\dealership.h" />
  </ItemGroup>
  <ItemGroup>
    <None Include="utils\libs\libs.h" />
  </ItemGroup>
</Project>